Microsoft Visual Studio Solution File, Format Version 12.00
# Visual Studio Version 17
VisualStudioVersion = 17.0.31903.59
MinimumVisualStudioVersion = 10.0.40219.1
Project("{FAE04EC0-301F-11D3-BF4B-00C04F79EFBC}") = "Hive.Core", "src/Hive.Core/Hive.Core.csproj", "{F5086ADC-8BC2-4F29-9D68-53BB324BEE2B}"
EndProject
Project("{FAE04EC0-301F-11D3-BF4B-00C04F79EFBC}") = "Hive.Agents", "src/Hive.Agents/Hive.Agents.csproj", "{9524D88F-ABED-4262-A94B-42EF5C73AC6B}"
EndProject
Project("{FAE04EC0-301F-11D3-BF4B-00C04F79EFBC}") = "Hive.Persistence", "src/Hive.Persistence/Hive.Persistence.csproj", "{28B34895-4018-4944-A955-7540550804CC}"
EndProject
Project("{FAE04EC0-301F-11D3-BF4B-00C04F79EFBC}") = "Hive.Coordination", "src/Hive.Coordination/Hive.Coordination.csproj", "{B3133C99-DD3E-4AB1-B82B-AE48BCC84AFF}"
EndProject
Project("{FAE04EC0-301F-11D3-BF4B-00C04F79EFBC}") = "Hive.Tools", "src/Hive.Tools/Hive.Tools.csproj", "{3965D564-4F48-46ED-BF4D-8D1E873D45B6}"
EndProject
Project("{FAE04EC0-301F-11D3-BF4B-00C04F79EFBC}") = "Hive.Providers.OpenAICompatible", "src/Hive.Providers.OpenAICompatible/Hive.Providers.OpenAICompatible.csproj", "{D4A7E173-931E-4CD0-B033-A96F47C4B6A4}"
EndProject
Project("{FAE04EC0-301F-11D3-BF4B-00C04F79EFBC}") = "Hive.Management", "src/Hive.Management/Hive.Management.csproj", "{AE0661E2-3A31-48B6-8DB9-FE92DADEF095}"
EndProject
Project("{FAE04EC0-301F-11D3-BF4B-00C04F79EFBC}") = "Hive.Host.WinForms", "src/Hive.Host.WinForms/Hive.Host.WinForms.csproj", "{727A0A46-30CA-40B3-82EF-3D83BE04729D}"
EndProject
Project("{FAE04EC0-301F-11D3-BF4B-00C04F79EFBC}") = "Hive.Host.WinForms.UI", "src/Hive.Host.WinForms.UI/Hive.Host.WinForms.UI.csproj", "{E1AF555E-6927-420D-BD46-28B6E156D048}"
EndProject
Project("{FAE04EC0-301F-11D3-BF4B-00C04F79EFBC}") = "Hive.Example.WinForms", "src/Hive.Example.WinForms/Hive.Example.WinForms.csproj", "{91C52384-77AF-42EF-85B1-158C3B0F351C}"
EndProject
Project("{FAE04EC0-301F-11D3-BF4B-00C04F79EFBC}") = "Hive.Tests", "tests/Hive.Tests/Hive.Tests.csproj", "{595C4043-6D1D-4013-9BF1-231C0942F3AF}"
EndProject
Global
	GlobalSection(SolutionConfigurationPlatforms) = preSolution
		Debug|Any CPU = Debug|Any CPU
		Release|Any CPU = Release|Any CPU
	EndGlobalSection
	GlobalSection(ProjectConfigurationPlatforms) = postSolution
		{F5086ADC-8BC2-4F29-9D68-53BB324BEE2B}.Debug|Any CPU.ActiveCfg = Debug|Any CPU
		{F5086ADC-8BC2-4F29-9D68-53BB324BEE2B}.Debug|Any CPU.Build.0 = Debug|Any CPU
		{F5086ADC-8BC2-4F29-9D68-53BB324BEE2B}.Release|Any CPU.ActiveCfg = Release|Any CPU
		{F5086ADC-8BC2-4F29-9D68-53BB324BEE2B}.Release|Any CPU.Build.0 = Release|Any CPU
		{9524D88F-ABED-4262-A94B-42EF5C73AC6B}.Debug|Any CPU.ActiveCfg = Debug|Any CPU
		{9524D88F-ABED-4262-A94B-42EF5C73AC6B}.Debug|Any CPU.Build.0 = Debug|Any CPU
		{9524D88F-ABED-4262-A94B-42EF5C73AC6B}.Release|Any CPU.ActiveCfg = Release|Any CPU
		{9524D88F-ABED-4262-A94B-42EF5C73AC6B}.Release|Any CPU.Build.0 = Release|Any CPU
		{28B34895-4018-4944-A955-7540550804CC}.Debug|Any CPU.ActiveCfg = Debug|Any CPU
		{28B34895-4018-4944-A955-7540550804CC}.Debug|Any CPU.Build.0 = Debug|Any CPU
		{28B34895-4018-4944-A955-7540550804CC}.Release|Any CPU.ActiveCfg = Release|Any CPU
		{28B34895-4018-4944-A955-7540550804CC}.Release|Any CPU.Build.0 = Release|Any CPU
		{B3133C99-DD3E-4AB1-B82B-AE48BCC84AFF}.Debug|Any CPU.ActiveCfg = Debug|Any CPU
		{B3133C99-DD3E-4AB1-B82B-AE48BCC84AFF}.Debug|Any CPU.Build.0 = Debug|Any CPU
		{B3133C99-DD3E-4AB1-B82B-AE48BCC84AFF}.Release|Any CPU.ActiveCfg = Release|Any CPU
		{B3133C99-DD3E-4AB1-B82B-AE48BCC84AFF}.Release|Any CPU.Build.0 = Release|Any CPU
		{3965D564-4F48-46ED-BF4D-8D1E873D45B6}.Debug|Any CPU.ActiveCfg = Debug|Any CPU
		{3965D564-4F48-46ED-BF4D-8D1E873D45B6}.Debug|Any CPU.Build.0 = Debug|Any CPU
		{3965D564-4F48-46ED-BF4D-8D1E873D45B6}.Release|Any CPU.ActiveCfg = Release|Any CPU
		{3965D564-4F48-46ED-BF4D-8D1E873D45B6}.Release|Any CPU.Build.0 = Release|Any CPU
		{D4A7E173-931E-4CD0-B033-A96F47C4B6A4}.Debug|Any CPU.ActiveCfg = Debug|Any CPU
		{D4A7E173-931E-4CD0-B033-A96F47C4B6A4}.Debug|Any CPU.Build.0 = Debug|Any CPU
		{D4A7E173-931E-4CD0-B033-A96F47C4B6A4}.Release|Any CPU.ActiveCfg = Release|Any CPU
		{D4A7E173-931E-4CD0-B033-A96F47C4B6A4}.Release|Any CPU.Build.0 = Release|Any CPU
		{AE0661E2-3A31-48B6-8DB9-FE92DADEF095}.Debug|Any CPU.ActiveCfg = Debug|Any CPU
		{AE0661E2-3A31-48B6-8DB9-FE92DADEF095}.Debug|Any CPU.Build.0 = Debug|Any CPU
		{AE0661E2-3A31-48B6-8DB9-FE92DADEF095}.Release|Any CPU.ActiveCfg = Release|Any CPU
		{AE0661E2-3A31-48B6-8DB9-FE92DADEF095}.Release|Any CPU.Build.0 = Release|Any CPU
		{727A0A46-30CA-40B3-82EF-3D83BE04729D}.Debug|Any CPU.ActiveCfg = Debug|Any CPU
		{727A0A46-30CA-40B3-82EF-3D83BE04729D}.Debug|Any CPU.Build.0 = Debug|Any CPU
		{727A0A46-30CA-40B3-82EF-3D83BE04729D}.Release|Any CPU.ActiveCfg = Release|Any CPU
		{727A0A46-30CA-40B3-82EF-3D83BE04729D}.Release|Any CPU.Build.0 = Release|Any CPU
		{E1AF555E-6927-420D-BD46-28B6E156D048}.Debug|Any CPU.ActiveCfg = Debug|Any CPU
		{E1AF555E-6927-420D-BD46-28B6E156D048}.Debug|Any CPU.Build.0 = Debug|Any CPU
		{E1AF555E-6927-420D-BD46-28B6E156D048}.Release|Any CPU.ActiveCfg = Release|Any CPU
		{E1AF555E-6927-420D-BD46-28B6E156D048}.Release|Any CPU.Build.0 = Release|Any CPU
		{91C52384-77AF-42EF-85B1-158C3B0F351C}.Debug|Any CPU.ActiveCfg = Debug|Any CPU
		{91C52384-77AF-42EF-85B1-158C3B0F351C}.Debug|Any CPU.Build.0 = Debug|Any CPU
		{91C52384-77AF-42EF-85B1-158C3B0F351C}.Release|Any CPU.ActiveCfg = Release|Any CPU
		{91C52384-77AF-42EF-85B1-158C3B0F351C}.Release|Any CPU.Build.0 = Release|Any CPU
		{595C4043-6D1D-4013-9BF1-231C0942F3AF}.Debug|Any CPU.ActiveCfg = Debug|Any CPU
		{595C4043-6D1D-4013-9BF1-231C0942F3AF}.Debug|Any CPU.Build.0 = Debug|Any CPU
		{595C4043-6D1D-4013-9BF1-231C0942F3AF}.Release|Any CPU.ActiveCfg = Release|Any CPU
		{595C4043-6D1D-4013-9BF1-231C0942F3AF}.Release|Any CPU.Build.0 = Release|Any CPU
	EndGlobalSection
	GlobalSection(SolutionProperties) = preSolution
		HideSolutionNode = FALSE
	EndGlobalSection
	GlobalSection(ExtensibilityGlobals) = postSolution
		SolutionGuid = {F8328F36-8EDE-42E3-BB86-355A1EC083F9}
	EndGlobalSection
EndGlobal
